// !$*UTF8*$!
{
	archiveVersion = 1;
	classes = {
	};
	objectVersion = 55;
	objects = {

/* Begin PBXBuildFile section */
		C0E19656271F217E008BC85C /* cpaysdkdemoApp.swift in Sources */ = {isa = PBXBuildFile; fileRef = C0E19655271F217E008BC85C /* cpaysdkdemoApp.swift */; };
		C0E19658271F217E008BC85C /* ContentView.swift in Sources */ = {isa = PBXBuildFile; fileRef = C0E19657271F217E008BC85C /* ContentView.swift */; };
		C0E1965A271F2182008BC85C /* Assets.xcassets in Resources */ = {isa = PBXBuildFile; fileRef = C0E19659271F2182008BC85C /* Assets.xcassets */; };
		C0E1965D271F2182008BC85C /* Preview Assets.xcassets in Resources */ = {isa = PBXBuildFile; fileRef = C0E1965C271F2182008BC85C /* Preview Assets.xcassets */; };
		C0E19667271F2182008BC85C /* cpaysdkdemoTests.swift in Sources */ = {isa = PBXBuildFile; fileRef = C0E19666271F2182008BC85C /* cpaysdkdemoTests.swift */; };
		C0E19671271F2182008BC85C /* cpaysdkdemoUITests.swift in Sources */ = {isa = PBXBuildFile; fileRef = C0E19670271F2182008BC85C /* cpaysdkdemoUITests.swift */; };
		C0E19673271F2182008BC85C /* cpaysdkdemoUITestsLaunchTests.swift in Sources */ = {isa = PBXBuildFile; fileRef = C0E19672271F2182008BC85C /* cpaysdkdemoUITestsLaunchTests.swift */; };
/* End PBXBuildFile section */

/* Begin PBXContainerItemProxy section */
		C0E19663271F2182008BC85C /* PBXContainerItemProxy */ = {
			isa = PBXContainerItemProxy;
			containerPortal = C0E1964A271F217E008BC85C /* Project object */;
			proxyType = 1;
			remoteGlobalIDString = C0E19651271F217E008BC85C;
			remoteInfo = cpaysdkdemo;
		};
		C0E1966D271F2182008BC85C /* PBXContainerItemProxy */ = {
			isa = PBXContainerItemProxy;
			containerPortal = C0E1964A271F217E008BC85C /* Project object */;
			proxyType = 1;
			remoteGlobalIDString = C0E19651271F217E008BC85C;
			remoteInfo = cpaysdkdemo;
		};
/* End PBXContainerItemProxy section */

/* Begin PBXFileReference section */
		C0E19652271F217E008BC85C /* cpaysdkdemo.app */ = {isa = PBXFileReference; explicitFileType = wrapper.application; includeInIndex = 0; path = cpaysdkdemo.app; sourceTree = BUILT_PRODUCTS_DIR; };
		C0E19655271F217E008BC85C /* cpaysdkdemoApp.swift */ = {isa = PBXFileReference; lastKnownFileType = sourcecode.swift; path = cpaysdkdemoApp.swift; sourceTree = "<group>"; };
		C0E19657271F217E008BC85C /* ContentView.swift */ = {isa = PBXFileReference; lastKnownFileType = sourcecode.swift; path = ContentView.swift; sourceTree = "<group>"; };
		C0E19659271F2182008BC85C /* Assets.xcassets */ = {isa = PBXFileReference; lastKnownFileType = folder.assetcatalog; path = Assets.xcassets; sourceTree = "<group>"; };
		C0E1965C271F2182008BC85C /* Preview Assets.xcassets */ = {isa = PBXFileReference; lastKnownFileType = folder.assetcatalog; path = "Preview Assets.xcassets"; sourceTree = "<group>"; };
		C0E19662271F2182008BC85C /* cpaysdkdemoTests.xctest */ = {isa = PBXFileReference; explicitFileType = wrapper.cfbundle; includeInIndex = 0; path = cpaysdkdemoTests.xctest; sourceTree = BUILT_PRODUCTS_DIR; };
		C0E19666271F2182008BC85C /* cpaysdkdemoTests.swift */ = {isa = PBXFileReference; lastKnownFileType = sourcecode.swift; path = cpaysdkdemoTests.swift; sourceTree = "<group>"; };
		C0E1966C271F2182008BC85C /* cpaysdkdemoUITests.xctest */ = {isa = PBXFileReference; explicitFileType = wrapper.cfbundle; includeInIndex = 0; path = cpaysdkdemoUITests.xctest; sourceTree = BUILT_PRODUCTS_DIR; };
		C0E19670271F2182008BC85C /* cpaysdkdemoUITests.swift */ = {isa = PBXFileReference; lastKnownFileType = sourcecode.swift; path = cpaysdkdemoUITests.swift; sourceTree = "<group>"; };
		C0E19672271F2182008BC85C /* cpaysdkdemoUITestsLaunchTests.swift */ = {isa = PBXFileReference; lastKnownFileType = sourcecode.swift; path = cpaysdkdemoUITestsLaunchTests.swift; sourceTree = "<group>"; };
/* End PBXFileReference section */

/* Begin PBXFrameworksBuildPhase section */
		C0E1964F271F217E008BC85C /* Frameworks */ = {
			isa = PBXFrameworksBuildPhase;
			buildActionMask = 2147483647;
			files = (
			);
			runOnlyForDeploymentPostprocessing = 0;
		};
		C0E1965F271F2182008BC85C /* Frameworks */ = {
			isa = PBXFrameworksBuildPhase;
			buildActionMask = 2147483647;
			files = (
			);
			runOnlyForDeploymentPostprocessing = 0;
		};
		C0E19669271F2182008BC85C /* Frameworks */ = {
			isa = PBXFrameworksBuildPhase;
			buildActionMask = 2147483647;
			files = (
			);
			runOnlyForDeploymentPostprocessing = 0;
		};
/* End PBXFrameworksBuildPhase section */

/* Begin PBXGroup section */
		C0E19649271F217E008BC85C = {
			isa = PBXGroup;
			children = (
				C0E19654271F217E008BC85C /* cpaysdkdemo */,
				C0E19665271F2182008BC85C /* cpaysdkdemoTests */,
				C0E1966F271F2182008BC85C /* cpaysdkdemoUITests */,
				C0E19653271F217E008BC85C /* Products */,
			);
			sourceTree = "<group>";
		};
		C0E19653271F217E008BC85C /* Products */ = {
			isa = PBXGroup;
			children = (
				C0E19652271F217E008BC85C /* cpaysdkdemo.app */,
				C0E19662271F2182008BC85C /* cpaysdkdemoTests.xctest */,
				C0E1966C271F2182008BC85C /* cpaysdkdemoUITests.xctest */,
			);
			name = Products;
			sourceTree = "<group>";
		};
		C0E19654271F217E008BC85C /* cpaysdkdemo */ = {
			isa = PBXGroup;
			children = (
				C0E19655271F217E008BC85C /* cpaysdkdemoApp.swift */,
				C0E19657271F217E008BC85C /* ContentView.swift */,
				C0E19659271F2182008BC85C /* Assets.xcassets */,
				C0E1965B271F2182008BC85C /* Preview Content */,
			);
			path = cpaysdkdemo;
			sourceTree = "<group>";
		};
		C0E1965B271F2182008BC85C /* Preview Content */ = {
			isa = PBXGroup;
			children = (
				C0E1965C271F2182008BC85C /* Preview Assets.xcassets */,
			);
			path = "Preview Content";
			sourceTree = "<group>";
		};
		C0E19665271F2182008BC85C /* cpaysdkdemoTests */ = {
			isa = PBXGroup;
			children = (
				C0E19666271F2182008BC85C /* cpaysdkdemoTests.swift */,
			);
			path = cpaysdkdemoTests;
			sourceTree = "<group>";
		};
		C0E1966F271F2182008BC85C /* cpaysdkdemoUITests */ = {
			isa = PBXGroup;
			children = (
				C0E19670271F2182008BC85C /* cpaysdkdemoUITests.swift */,
				C0E19672271F2182008BC85C /* cpaysdkdemoUITestsLaunchTests.swift */,
			);
			path = cpaysdkdemoUITests;
			sourceTree = "<group>";
		};
/* End PBXGroup section */

/* Begin PBXNativeTarget section */
		C0E19651271F217E008BC85C /* cpaysdkdemo */ = {
			isa = PBXNativeTarget;
			buildConfigurationList = C0E19676271F2182008BC85C /* Build configuration list for PBXNativeTarget "cpaysdkdemo" */;
			buildPhases = (
				C0E1964E271F217E008BC85C /* Sources */,
				C0E1964F271F217E008BC85C /* Frameworks */,
				C0E19650271F217E008BC85C /* Resources */,
			);
			buildRules = (
			);
			dependencies = (
			);
			name = cpaysdkdemo;
			productName = cpaysdkdemo;
			productReference = C0E19652271F217E008BC85C /* cpaysdkdemo.app */;
			productType = "com.apple.product-type.application";
		};
		C0E19661271F2182008BC85C /* cpaysdkdemoTests */ = {
			isa = PBXNativeTarget;
			buildConfigurationList = C0E19679271F2182008BC85C /* Build configuration list for PBXNativeTarget "cpaysdkdemoTests" */;
			buildPhases = (
				C0E1965E271F2182008BC85C /* Sources */,
				C0E1965F271F2182008BC85C /* Frameworks */,
				C0E19660271F2182008BC85C /* Resources */,
			);
			buildRules = (
			);
			dependencies = (
				C0E19664271F2182008BC85C /* PBXTargetDependency */,
			);
			name = cpaysdkdemoTests;
			productName = cpaysdkdemoTests;
			productReference = C0E19662271F2182008BC85C /* cpaysdkdemoTests.xctest */;
			productType = "com.apple.product-type.bundle.unit-test";
		};
		C0E1966B271F2182008BC85C /* cpaysdkdemoUITests */ = {
			isa = PBXNativeTarget;
			buildConfigurationList = C0E1967C271F2182008BC85C /* Build configuration list for PBXNativeTarget "cpaysdkdemoUITests" */;
			buildPhases = (
				C0E19668271F2182008BC85C /* Sources */,
				C0E19669271F2182008BC85C /* Frameworks */,
				C0E1966A271F2182008BC85C /* Resources */,
			);
			buildRules = (
			);
			dependencies = (
				C0E1966E271F2182008BC85C /* PBXTargetDependency */,
			);
			name = cpaysdkdemoUITests;
			productName = cpaysdkdemoUITests;
			productReference = C0E1966C271F2182008BC85C /* cpaysdkdemoUITests.xctest */;
			productType = "com.apple.product-type.bundle.ui-testing";
		};
/* End PBXNativeTarget section */

/* Begin PBXProject section */
		C0E1964A271F217E008BC85C /* Project object */ = {
			isa = PBXProject;
			attributes = {
				BuildIndependentTargetsInParallel = 1;
				LastSwiftUpdateCheck = 1300;
				LastUpgradeCheck = 1300;
				TargetAttributes = {
					C0E19651271F217E008BC85C = {
						CreatedOnToolsVersion = 13.0;
					};
					C0E19661271F2182008BC85C = {
						CreatedOnToolsVersion = 13.0;
						TestTargetID = C0E19651271F217E008BC85C;
					};
					C0E1966B271F2182008BC85C = {
						CreatedOnToolsVersion = 13.0;
						TestTargetID = C0E19651271F217E008BC85C;
					};
				};
			};
			buildConfigurationList = C0E1964D271F217E008BC85C /* Build configuration list for PBXProject "cpaysdkdemo" */;
			compatibilityVersion = "Xcode 13.0";
			developmentRegion = en;
			hasScannedForEncodings = 0;
			knownRegions = (
				en,
				Base,
			);
			mainGroup = C0E19649271F217E008BC85C;
			productRefGroup = C0E19653271F217E008BC85C /* Products */;
			projectDirPath = "";
			projectRoot = "";
			targets = (
				C0E19651271F217E008BC85C /* cpaysdkdemo */,
				C0E19661271F2182008BC85C /* cpaysdkdemoTests */,
				C0E1966B271F2182008BC85C /* cpaysdkdemoUITests */,
			);
		};
/* End PBXProject section */

/* Begin PBXResourcesBuildPhase section */
		C0E19650271F217E008BC85C /* Resources */ = {
			isa = PBXResourcesBuildPhase;
			buildActionMask = 2147483647;
			files = (
				C0E1965D271F2182008BC85C /* Preview Assets.xcassets in Resources */,
				C0E1965A271F2182008BC85C /* Assets.xcassets in Resources */,
			);
			runOnlyForDeploymentPostprocessing = 0;
		};
		C0E19660271F2182008BC85C /* Resources */ = {
			isa = PBXResourcesBuildPhase;
			buildActionMask = 2147483647;
			files = (
			);
			runOnlyForDeploymentPostprocessing = 0;
		};
		C0E1966A271F2182008BC85C /* Resources */ = {
			isa = PBXResourcesBuildPhase;
			buildActionMask = 2147483647;
			files = (
			);
			runOnlyForDeploymentPostprocessing = 0;
		};
/* End PBXResourcesBuildPhase section */

/* Begin PBXSourcesBuildPhase section */
		C0E1964E271F217E008BC85C /* Sources */ = {
			isa = PBXSourcesBuildPhase;
			buildActionMask = 2147483647;
			files = (
				C0E19658271F217E008BC85C /* ContentView.swift in Sources */,
				C0E19656271F217E008BC85C /* cpaysdkdemoApp.swift in Sources */,
			);
			runOnlyForDeploymentPostprocessing = 0;
		};
		C0E1965E271F2182008BC85C /* Sources */ = {
			isa = PBXSourcesBuildPhase;
			buildActionMask = 2147483647;
			files = (
				C0E19667271F2182008BC85C /* cpaysdkdemoTests.swift in Sources */,
			);
			runOnlyForDeploymentPostprocessing = 0;
		};
		C0E19668271F2182008BC85C /* Sources */ = {
			isa = PBXSourcesBuildPhase;
			buildActionMask = 2147483647;
			files = (
				C0E19671271F2182008BC85C /* cpaysdkdemoUITests.swift in Sources */,
				C0E19673271F2182008BC85C /* cpaysdkdemoUITestsLaunchTests.swift in Sources */,
			);
			runOnlyForDeploymentPostprocessing = 0;
		};
/* End PBXSourcesBuildPhase section */

/* Begin PBXTargetDependency section */
		C0E19664271F2182008BC85C /* PBXTargetDependency */ = {
			isa = PBXTargetDependency;
			target = C0E19651271F217E008BC85C /* cpaysdkdemo */;
			targetProxy = C0E19663271F2182008BC85C /* PBXContainerItemProxy */;
		};
		C0E1966E271F2182008BC85C /* PBXTargetDependency */ = {
			isa = PBXTargetDependency;
			target = C0E19651271F217E008BC85C /* cpaysdkdemo */;
			targetProxy = C0E1966D271F2182008BC85C /* PBXContainerItemProxy */;
		};
/* End PBXTargetDependency section */

/* Begin XCBuildConfiguration section */
		C0E19674271F2182008BC85C /* Debug */ = {
			isa = XCBuildConfiguration;
			buildSettings = {
				ALWAYS_SEARCH_USER_PATHS = NO;
				CLANG_ANALYZER_NONNULL = YES;
				CLANG_ANALYZER_NUMBER_OBJECT_CONVERSION = YES_AGGRESSIVE;
				CLANG_CXX_LANGUAGE_STANDARD = "gnu++17";
				CLANG_CXX_LIBRARY = "libc++";
				CLANG_ENABLE_MODULES = YES;
				CLANG_ENABLE_OBJC_ARC = YES;
				CLANG_ENABLE_OBJC_WEAK = YES;
				CLANG_WARN_BLOCK_CAPTURE_AUTORELEASING = YES;
				CLANG_WARN_BOOL_CONVERSION = YES;
				CLANG_WARN_COMMA = YES;
				CLANG_WARN_CONSTANT_CONVERSION = YES;
				CLANG_WARN_DEPRECATED_OBJC_IMPLEMENTATIONS = YES;
				CLANG_WARN_DIRECT_OBJC_ISA_USAGE = YES_ERROR;
				CLANG_WARN_DOCUMENTATION_COMMENTS = YES;
				CLANG_WARN_EMPTY_BODY = YES;
				CLANG_WARN_ENUM_CONVERSION = YES;
				CLANG_WARN_INFINITE_RECURSION = YES;
				CLANG_WARN_INT_CONVERSION = YES;
				CLANG_WARN_NON_LITERAL_NULL_CONVERSION = YES;
				CLANG_WARN_OBJC_IMPLICIT_RETAIN_SELF = YES;
				CLANG_WARN_OBJC_LITERAL_CONVERSION = YES;
				CLANG_WARN_OBJC_ROOT_CLASS = YES_ERROR;
				CLANG_WARN_QUOTED_INCLUDE_IN_FRAMEWORK_HEADER = YES;
				CLANG_WARN_RANGE_LOOP_ANALYSIS = YES;
				CLANG_WARN_STRICT_PROTOTYPES = YES;
				CLANG_WARN_SUSPICIOUS_MOVE = YES;
				CLANG_WARN_UNGUARDED_AVAILABILITY = YES_AGGRESSIVE;
				CLANG_WARN_UNREACHABLE_CODE = YES;
				CLANG_WARN__DUPLICATE_METHOD_MATCH = YES;
				COPY_PHASE_STRIP = NO;
				DEBUG_INFORMATION_FORMAT = dwarf;
				ENABLE_STRICT_OBJC_MSGSEND = YES;
				ENABLE_TESTABILITY = YES;
				GCC_C_LANGUAGE_STANDARD = gnu11;
				GCC_DYNAMIC_NO_PIC = NO;
				GCC_NO_COMMON_BLOCKS = YES;
				GCC_OPTIMIZATION_LEVEL = 0;
				GCC_PREPROCESSOR_DEFINITIONS = (
					"DEBUG=1",
					"$(inherited)",
				);
				GCC_WARN_64_TO_32_BIT_CONVERSION = YES;
				GCC_WARN_ABOUT_RETURN_TYPE = YES_ERROR;
				GCC_WARN_UNDECLARED_SELECTOR = YES;
				GCC_WARN_UNINITIALIZED_AUTOS = YES_AGGRESSIVE;
				GCC_WARN_UNUSED_FUNCTION = YES;
				GCC_WARN_UNUSED_VARIABLE = YES;
				IPHONEOS_DEPLOYMENT_TARGET = 15.0;
				MTL_ENABLE_DEBUG_INFO = INCLUDE_SOURCE;
				MTL_FAST_MATH = YES;
				ONLY_ACTIVE_ARCH = YES;
				SDKROOT = iphoneos;
				SWIFT_ACTIVE_COMPILATION_CONDITIONS = DEBUG;
				SWIFT_OPTIMIZATION_LEVEL = "-Onone";
			};
			name = Debug;
		};
		C0E19675271F2182008BC85C /* Release */ = {
			isa = XCBuildConfiguration;
			buildSettings = {
				ALWAYS_SEARCH_USER_PATHS = NO;
				CLANG_ANALYZER_NONNULL = YES;
				CLANG_ANALYZER_NUMBER_OBJECT_CONVERSION = YES_AGGRESSIVE;
				CLANG_CXX_LANGUAGE_STANDARD = "gnu++17";
				CLANG_CXX_LIBRARY = "libc++";
				CLANG_ENABLE_MODULES = YES;
				CLANG_ENABLE_OBJC_ARC = YES;
				CLANG_ENABLE_OBJC_WEAK = YES;
				CLANG_WARN_BLOCK_CAPTURE_AUTORELEASING = YES;
				CLANG_WARN_BOOL_CONVERSION = YES;
				CLANG_WARN_COMMA = YES;
				CLANG_WARN_CONSTANT_CONVERSION = YES;
				CLANG_WARN_DEPRECATED_OBJC_IMPLEMENTATIONS = YES;
				CLANG_WARN_DIRECT_OBJC_ISA_USAGE = YES_ERROR;
				CLANG_WARN_DOCUMENTATION_COMMENTS = YES;
				CLANG_WARN_EMPTY_BODY = YES;
				CLANG_WARN_ENUM_CONVERSION = YES;
				CLANG_WARN_INFINITE_RECURSION = YES;
				CLANG_WARN_INT_CONVERSION = YES;
				CLANG_WARN_NON_LITERAL_NULL_CONVERSION = YES;
				CLANG_WARN_OBJC_IMPLICIT_RETAIN_SELF = YES;
				CLANG_WARN_OBJC_LITERAL_CONVERSION = YES;
				CLANG_WARN_OBJC_ROOT_CLASS = YES_ERROR;
				CLANG_WARN_QUOTED_INCLUDE_IN_FRAMEWORK_HEADER = YES;
				CLANG_WARN_RANGE_LOOP_ANALYSIS = YES;
				CLANG_WARN_STRICT_PROTOTYPES = YES;
				CLANG_WARN_SUSPICIOUS_MOVE = YES;
				CLANG_WARN_UNGUARDED_AVAILABILITY = YES_AGGRESSIVE;
				CLANG_WARN_UNREACHABLE_CODE = YES;
				CLANG_WARN__DUPLICATE_METHOD_MATCH = YES;
				COPY_PHASE_STRIP = NO;
				DEBUG_INFORMATION_FORMAT = "dwarf-with-dsym";
				ENABLE_NS_ASSERTIONS = NO;
				ENABLE_STRICT_OBJC_MSGSEND = YES;
				GCC_C_LANGUAGE_STANDARD = gnu11;
				GCC_NO_COMMON_BLOCKS = YES;
				GCC_WARN_64_TO_32_BIT_CONVERSION = YES;
				GCC_WARN_ABOUT_RETURN_TYPE = YES_ERROR;
				GCC_WARN_UNDECLARED_SELECTOR = YES;
				GCC_WARN_UNINITIALIZED_AUTOS = YES_AGGRESSIVE;
				GCC_WARN_UNUSED_FUNCTION = YES;
				GCC_WARN_UNUSED_VARIABLE = YES;
				IPHONEOS_DEPLOYMENT_TARGET = 15.0;
				MTL_ENABLE_DEBUG_INFO = NO;
				MTL_FAST_MATH = YES;
				SDKROOT = iphoneos;
				SWIFT_COMPILATION_MODE = wholemodule;
				SWIFT_OPTIMIZATION_LEVEL = "-O";
				VALIDATE_PRODUCT = YES;
			};
			name = Release;
		};
		C0E19677271F2182008BC85C /* Debug */ = {
			isa = XCBuildConfiguration;
			buildSettings = {
				ASSETCATALOG_COMPILER_APPICON_NAME = AppIcon;
				ASSETCATALOG_COMPILER_GLOBAL_ACCENT_COLOR_NAME = AccentColor;
				CODE_SIGN_STYLE = Automatic;
				CURRENT_PROJECT_VERSION = 1;
				DEVELOPMENT_ASSET_PATHS = "\"cpaysdkdemo/Preview Content\"";
				DEVELOPMENT_TEAM = K2S7RKVU3S;
				ENABLE_PREVIEWS = YES;
				GENERATE_INFOPLIST_FILE = YES;
				INFOPLIST_KEY_UIApplicationSceneManifest_Generation = YES;
				INFOPLIST_KEY_UIApplicationSupportsIndirectInputEvents = YES;
				INFOPLIST_KEY_UILaunchScreen_Generation = YES;
				INFOPLIST_KEY_UISupportedInterfaceOrientations_iPad = "UIInterfaceOrientationPortrait UIInterfaceOrientationPortraitUpsideDown UIInterfaceOrientationLandscapeLeft UIInterfaceOrientationLandscapeRight";
				INFOPLIST_KEY_UISupportedInterfaceOrientations_iPhone = "UIInterfaceOrientationPortrait UIInterfaceOrientationLandscapeLeft UIInterfaceOrientationLandscapeRight";
				IPHONEOS_DEPLOYMENT_TARGET = 14.0;
				LD_RUNPATH_SEARCH_PATHS = (
					"$(inherited)",
					"@executable_path/Frameworks",
				);
				MARKETING_VERSION = 1.0;
				PRODUCT_BUNDLE_IDENTIFIER = com.citcon.cpaysdkdemo;
				PRODUCT_NAME = "$(TARGET_NAME)";
				SWIFT_EMIT_LOC_STRINGS = YES;
				SWIFT_VERSION = 5.0;
				TARGETED_DEVICE_FAMILY = "1,2";
			};
			name = Debug;
		};
		C0E19678271F2182008BC85C /* Release */ = {
			isa = XCBuildConfiguration;
			buildSettings = {
				ASSETCATALOG_COMPILER_APPICON_NAME = AppIcon;
				ASSETCATALOG_COMPILER_GLOBAL_ACCENT_COLOR_NAME = AccentColor;
				CODE_SIGN_STYLE = Automatic;
				CURRENT_PROJECT_VERSION = 1;
				DEVELOPMENT_ASSET_PATHS = "\"cpaysdkdemo/Preview Content\"";
				DEVELOPMENT_TEAM = K2S7RKVU3S;
				ENABLE_PREVIEWS = YES;
				GENERATE_INFOPLIST_FILE = YES;
				INFOPLIST_KEY_UIApplicationSceneManifest_Generation = YES;
				INFOPLIST_KEY_UIApplicationSupportsIndirectInputEvents = YES;
				INFOPLIST_KEY_UILaunchScreen_Generation = YES;
				INFOPLIST_KEY_UISupportedInterfaceOrientations_iPad = "UIInterfaceOrientationPortrait UIInterfaceOrientationPortraitUpsideDown UIInterfaceOrientationLandscapeLeft UIInterfaceOrientationLandscapeRight";
				INFOPLIST_KEY_UISupportedInterfaceOrientations_iPhone = "UIInterfaceOrientationPortrait UIInterfaceOrientationLandscapeLeft UIInterfaceOrientationLandscapeRight";
				IPHONEOS_DEPLOYMENT_TARGET = 14.0;
				LD_RUNPATH_SEARCH_PATHS = (
					"$(inherited)",
					"@executable_path/Frameworks",
				);
				MARKETING_VERSION = 1.0;
				PRODUCT_BUNDLE_IDENTIFIER = com.citcon.cpaysdkdemo;
				PRODUCT_NAME = "$(TARGET_NAME)";
				SWIFT_EMIT_LOC_STRINGS = YES;
				SWIFT_VERSION = 5.0;
				TARGETED_DEVICE_FAMILY = "1,2";
			};
			name = Release;
		};
		C0E1967A271F2182008BC85C /* Debug */ = {
			isa = XCBuildConfiguration;
			buildSettings = {
				ALWAYS_EMBED_SWIFT_STANDARD_LIBRARIES = YES;
				BUNDLE_LOADER = "$(TEST_HOST)";
				CODE_SIGN_STYLE = Automatic;
				CURRENT_PROJECT_VERSION = 1;
				DEVELOPMENT_TEAM = K2S7RKVU3S;
				GENERATE_INFOPLIST_FILE = YES;
				IPHONEOS_DEPLOYMENT_TARGET = 14.0;
				LD_RUNPATH_SEARCH_PATHS = (
					"$(inherited)",
					"@executable_path/Frameworks",
					"@loader_path/Frameworks",
				);
				MARKETING_VERSION = 1.0;
				PRODUCT_BUNDLE_IDENTIFIER = com.citcon.cpaysdkdemoTests;
				PRODUCT_NAME = "$(TARGET_NAME)";
				SWIFT_EMIT_LOC_STRINGS = NO;
				SWIFT_VERSION = 5.0;
				TARGETED_DEVICE_FAMILY = "1,2";
				TEST_HOST = "$(BUILT_PRODUCTS_DIR)/cpaysdkdemo.app/cpaysdkdemo";
			};
			name = Debug;
		};
		C0E1967B271F2182008BC85C /* Release */ = {
			isa = XCBuildConfiguration;
			buildSettings = {
				ALWAYS_EMBED_SWIFT_STANDARD_LIBRARIES = YES;
				BUNDLE_LOADER = "$(TEST_HOST)";
				CODE_SIGN_STYLE = Automatic;
				CURRENT_PROJECT_VERSION = 1;
				DEVELOPMENT_TEAM = K2S7RKVU3S;
				GENERATE_INFOPLIST_FILE = YES;
				IPHONEOS_DEPLOYMENT_TARGET = 14.0;
				LD_RUNPATH_SEARCH_PATHS = (
					"$(inherited)",
					"@executable_path/Frameworks",
					"@loader_path/Frameworks",
				);
				MARKETING_VERSION = 1.0;
				PRODUCT_BUNDLE_IDENTIFIER = com.citcon.cpaysdkdemoTests;
				PRODUCT_NAME = "$(TARGET_NAME)";
				SWIFT_EMIT_LOC_STRINGS = NO;
				SWIFT_VERSION = 5.0;
				TARGETED_DEVICE_FAMILY = "1,2";
				TEST_HOST = "$(BUILT_PRODUCTS_DIR)/cpaysdkdemo.app/cpaysdkdemo";
			};
			name = Release;
		};
		C0E1967D271F2182008BC85C /* Debug */ = {
			isa = XCBuildConfiguration;
			buildSettings = {
				ALWAYS_EMBED_SWIFT_STANDARD_LIBRARIES = YES;
				CODE_SIGN_STYLE = Automatic;
				CURRENT_PROJECT_VERSION = 1;
				DEVELOPMENT_TEAM = K2S7RKVU3S;
				GENERATE_INFOPLIST_FILE = YES;
				LD_RUNPATH_SEARCH_PATHS = (
					"$(inherited)",
					"@executable_path/Frameworks",
					"@loader_path/Frameworks",
				);
				MARKETING_VERSION = 1.0;
				PRODUCT_BUNDLE_IDENTIFIER = com.citcon.cpaysdkdemoUITests;
				PRODUCT_NAME = "$(TARGET_NAME)";
				SWIFT_EMIT_LOC_STRINGS = NO;
				SWIFT_VERSION = 5.0;
				TARGETED_DEVICE_FAMILY = "1,2";
				TEST_TARGET_NAME = cpaysdkdemo;
			};
			name = Debug;
		};
		C0E1967E271F2182008BC85C /* Release */ = {
			isa = XCBuildConfiguration;
			buildSettings = {
				ALWAYS_EMBED_SWIFT_STANDARD_LIBRARIES = YES;
				CODE_SIGN_STYLE = Automatic;
				CURRENT_PROJECT_VERSION = 1;
				DEVELOPMENT_TEAM = K2S7RKVU3S;
				GENERATE_INFOPLIST_FILE = YES;
				LD_RUNPATH_SEARCH_PATHS = (
					"$(inherited)",
					"@executable_path/Frameworks",
					"@loader_path/Frameworks",
				);
				MARKETING_VERSION = 1.0;
				PRODUCT_BUNDLE_IDENTIFIER = com.citcon.cpaysdkdemoUITests;
				PRODUCT_NAME = "$(TARGET_NAME)";
				SWIFT_EMIT_LOC_STRINGS = NO;
				SWIFT_VERSION = 5.0;
				TARGETED_DEVICE_FAMILY = "1,2";
				TEST_TARGET_NAME = cpaysdkdemo;
			};
			name = Release;
		};
/* End XCBuildConfiguration section */

/* Begin XCConfigurationList section */
		C0E1964D271F217E008BC85C /* Build configuration list for PBXProject "cpaysdkdemo" */ = {
			isa = XCConfigurationList;
			buildConfigurations = (
				C0E19674271F2182008BC85C /* Debug */,
				C0E19675271F2182008BC85C /* Release */,
			);
			defaultConfigurationIsVisible = 0;
			defaultConfigurationName = Release;
		};
		C0E19676271F2182008BC85C /* Build configuration list for PBXNativeTarget "cpaysdkdemo" */ = {
			isa = XCConfigurationList;
			buildConfigurations = (
				C0E19677271F2182008BC85C /* Debug */,
				C0E19678271F2182008BC85C /* Release */,
			);
			defaultConfigurationIsVisible = 0;
			defaultConfigurationName = Release;
		};
		C0E19679271F2182008BC85C /* Build configuration list for PBXNativeTarget "cpaysdkdemoTests" */ = {
			isa = XCConfigurationList;
			buildConfigurations = (
				C0E1967A271F2182008BC85C /* Debug */,
				C0E1967B271F2182008BC85C /* Release */,
			);
			defaultConfigurationIsVisible = 0;
			defaultConfigurationName = Release;
		};
		C0E1967C271F2182008BC85C /* Build configuration list for PBXNativeTarget "cpaysdkdemoUITests" */ = {
			isa = XCConfigurationList;
			buildConfigurations = (
				C0E1967D271F2182008BC85C /* Debug */,
				C0E1967E271F2182008BC85C /* Release */,
			);
			defaultConfigurationIsVisible = 0;
			defaultConfigurationName = Release;
		};
/* End XCConfigurationList section */
	};
	rootObject = C0E1964A271F217E008BC85C /* Project object */;
}
